
Microsoft Visual Studio Solution File, Format Version 12.00
# Visual Studio Version 16
VisualStudioVersion = 16.0.30204.135
MinimumVisualStudioVersion = 10.0.40219.1
Project("{FAE04EC0-301F-11D3-BF4B-00C04F79EFBC}") = "Tindo.Blazor.ECharts", "Tindo.Blazor.ECharts\Tindo.Blazor.ECharts.csproj", "{9A292872-0AB8-4A90-A902-8564C576E707}"
EndProject
Project("{2150E333-8FDC-42A3-9474-1A3956D46DE8}") = "src", "src", "{69C73E72-D72D-47EA-B627-8316046F5491}"
EndProject
Project("{2150E333-8FDC-42A3-9474-1A3956D46DE8}") = "Samples", "Samples", "{89FDF846-3FC3-4217-BE4B-20F67C7515AF}"
EndProject
Project("{FAE04EC0-301F-11D3-BF4B-00C04F79EFBC}") = "EChartsDemo", "EChartsDemo\EChartsDemo.csproj", "{E05F4DB1-6848-4ED9-94AD-3AD3486E3A6C}"
EndProject
Global
	GlobalSection(SolutionConfigurationPlatforms) = preSolution
		Debug|Any CPU = Debug|Any CPU
		Release|Any CPU = Release|Any CPU
	EndGlobalSection
	GlobalSection(ProjectConfigurationPlatforms) = postSolution
		{9A292872-0AB8-4A90-A902-8564C576E707}.Debug|Any CPU.ActiveCfg = Debug|Any CPU
		{9A292872-0AB8-4A90-A902-8564C576E707}.Debug|Any CPU.Build.0 = Debug|Any CPU
		{9A292872-0AB8-4A90-A902-8564C576E707}.Release|Any CPU.ActiveCfg = Release|Any CPU
		{9A292872-0AB8-4A90-A902-8564C576E707}.Release|Any CPU.Build.0 = Release|Any CPU
		{E05F4DB1-6848-4ED9-94AD-3AD3486E3A6C}.Debug|Any CPU.ActiveCfg = Debug|Any CPU
		{E05F4DB1-6848-4ED9-94AD-3AD3486E3A6C}.Debug|Any CPU.Build.0 = Debug|Any CPU
		{E05F4DB1-6848-4ED9-94AD-3AD3486E3A6C}.Release|Any CPU.ActiveCfg = Release|Any CPU
		{E05F4DB1-6848-4ED9-94AD-3AD3486E3A6C}.Release|Any CPU.Build.0 = Release|Any CPU
	EndGlobalSection
	GlobalSection(SolutionProperties) = preSolution
		HideSolutionNode = FALSE
	EndGlobalSection
	GlobalSection(NestedProjects) = preSolution
		{9A292872-0AB8-4A90-A902-8564C576E707} = {69C73E72-D72D-47EA-B627-8316046F5491}
		{E05F4DB1-6848-4ED9-94AD-3AD3486E3A6C} = {89FDF846-3FC3-4217-BE4B-20F67C7515AF}
	EndGlobalSection
	GlobalSection(ExtensibilityGlobals) = postSolution
		SolutionGuid = {086FEC32-89BA-4B45-BC62-E086020E1D61}
	EndGlobalSection
EndGlobal
